
Microsoft Visual Studio Solution File, Format Version 12.00
# Visual Studio Version 16
VisualStudioVersion = 16.0.31019.35
MinimumVisualStudioVersion = 10.0.40219.1
Project("{9A19103F-16F7-4668-BE54-9A1E7A4F7556}") = "TxFileSystem", "TxFileSystem\TxFileSystem.csproj", "{998DAF5A-A5B9-4A8E-A29D-43910B0C52E0}"
EndProject
Project("{9A19103F-16F7-4668-BE54-9A1E7A4F7556}") = "TxFileSystem.Tests", "TxFileSystem.Tests\TxFileSystem.Tests.csproj", "{F61B7179-281F-4A3F-81E6-80609A0AF06B}"
EndProject
Project("{2150E333-8FDC-42A3-9474-1A3956D46DE8}") = "Solution Items", "Solution Items", "{5C8C3B34-3D88-48AE-B788-0B8D8B327665}"
	ProjectSection(SolutionItems) = preProject
		.gitignore = .gitignore
		Changelog.md = Changelog.md
		.github\workflows\dotnet.yml = .github\workflows\dotnet.yml
		eqxmedia-logo.png = eqxmedia-logo.png
		License.md = License.md
		Readme.md = Readme.md
	EndProjectSection
EndProject
Project("{2150E333-8FDC-42A3-9474-1A3956D46DE8}") = "Documentation", "Documentation", "{9148B333-9DD9-43FA-8A13-141B5B8C468D}"
EndProject
Project("{2150E333-8FDC-42A3-9474-1A3956D46DE8}") = "XmlDoc", "XmlDoc", "{170DC9FE-2492-40A5-8218-2102E1A47155}"
	ProjectSection(SolutionItems) = preProject
		Documentation\XmlDoc\TxFileSystem.XmlDoc.Extensions.xml = Documentation\XmlDoc\TxFileSystem.XmlDoc.Extensions.xml
	EndProjectSection
EndProject
Global
	GlobalSection(SolutionConfigurationPlatforms) = preSolution
		Debug|Any CPU = Debug|Any CPU
		Release|Any CPU = Release|Any CPU
	EndGlobalSection
	GlobalSection(ProjectConfigurationPlatforms) = postSolution
		{998DAF5A-A5B9-4A8E-A29D-43910B0C52E0}.Debug|Any CPU.ActiveCfg = Debug|Any CPU
		{998DAF5A-A5B9-4A8E-A29D-43910B0C52E0}.Debug|Any CPU.Build.0 = Debug|Any CPU
		{998DAF5A-A5B9-4A8E-A29D-43910B0C52E0}.Release|Any CPU.ActiveCfg = Release|Any CPU
		{998DAF5A-A5B9-4A8E-A29D-43910B0C52E0}.Release|Any CPU.Build.0 = Release|Any CPU
		{F61B7179-281F-4A3F-81E6-80609A0AF06B}.Debug|Any CPU.ActiveCfg = Debug|Any CPU
		{F61B7179-281F-4A3F-81E6-80609A0AF06B}.Debug|Any CPU.Build.0 = Debug|Any CPU
		{F61B7179-281F-4A3F-81E6-80609A0AF06B}.Release|Any CPU.ActiveCfg = Release|Any CPU
		{F61B7179-281F-4A3F-81E6-80609A0AF06B}.Release|Any CPU.Build.0 = Release|Any CPU
	EndGlobalSection
	GlobalSection(SolutionProperties) = preSolution
		HideSolutionNode = FALSE
	EndGlobalSection
	GlobalSection(NestedProjects) = preSolution
		{9148B333-9DD9-43FA-8A13-141B5B8C468D} = {5C8C3B34-3D88-48AE-B788-0B8D8B327665}
		{170DC9FE-2492-40A5-8218-2102E1A47155} = {9148B333-9DD9-43FA-8A13-141B5B8C468D}
	EndGlobalSection
	GlobalSection(ExtensibilityGlobals) = postSolution
		SolutionGuid = {7076B68C-14D6-4D20-A715-F5FB506D15CF}
	EndGlobalSection
EndGlobal
